
Microsoft Visual Studio Solution File, Format Version 12.00
# Visual Studio Version 17
VisualStudioVersion = 17.14.36623.8
MinimumVisualStudioVersion = 10.0.40219.1
Project("{2150E333-8FDC-42A3-9474-1A3956D46DE8}") = "Task0", "Task0", "{02EA681E-C7D8-13C7-8484-4AC65E1B71E8}"
EndProject
Project("{FAE04EC0-301F-11D3-BF4B-00C04F79EFBC}") = "Tyuiu.KhafizovTV.Sprint4.Task0.V7", "Tyuiu.KhafizovTV.Sprint3.Task0.V7\Tyuiu.KhafizovTV.Sprint4.Task0.V7.csproj", "{D0F58B77-0E33-45F4-8D1E-EEAE39D23A9F}"
EndProject
Project("{FAE04EC0-301F-11D3-BF4B-00C04F79EFBC}") = "Tyuiu.KhafizovTV.Sprint4.Task0.V7.Lib", "Tyuiu.KhafizovTV.Sprint4.Task0.V7.Lib\Tyuiu.KhafizovTV.Sprint4.Task0.V7.Lib.csproj", "{1D5D8126-404A-4642-BF0B-458566F14E23}"
EndProject
Project("{FAE04EC0-301F-11D3-BF4B-00C04F79EFBC}") = "Tyuiu.KhafizovTV.Sprint4.Task0.V7.Test", "Tyuiu.KhafizovTV.Sprint4.Task0.V7.Test\Tyuiu.KhafizovTV.Sprint4.Task0.V7.Test.csproj", "{13170B55-97AA-46DA-BBE7-4696B340FF7F}"
EndProject
Project("{2150E333-8FDC-42A3-9474-1A3956D46DE8}") = "Task1", "Task1", "{3B582DD4-57D1-4BEB-A2E9-CB651EAC7F9D}"
EndProject
Project("{FAE04EC0-301F-11D3-BF4B-00C04F79EFBC}") = "Tyuiu.KhafizovTV.Sprint4.Task1.V4", "Tyuiu.KhafizovTV.Sprint4.Task1.V4\Tyuiu.KhafizovTV.Sprint4.Task1.V4.csproj", "{438BC010-C252-4C35-91A4-43FAB62662FC}"
EndProject
Project("{FAE04EC0-301F-11D3-BF4B-00C04F79EFBC}") = "Tyuiu.KhafizovTV.Sprint4.Task1.V4.Lib", "Tyuiu.KhafizovTV.Sprint4.Task1.V4.Lib\Tyuiu.KhafizovTV.Sprint4.Task1.V4.Lib.csproj", "{9A665DED-1716-45B5-9A7F-B8F621A668E7}"
EndProject
Project("{FAE04EC0-301F-11D3-BF4B-00C04F79EFBC}") = "Tyuiu.KhafizovTV.Sprint4.Task1.V4.Test", "Tyuiu.KhafizovTV.Sprint4.Task1.V4.Test\Tyuiu.KhafizovTV.Sprint4.Task1.V4.Test.csproj", "{8B1930A5-AE7F-4174-99E6-D8B2B75ACE36}"
EndProject
Project("{2150E333-8FDC-42A3-9474-1A3956D46DE8}") = "Task2", "Task2", "{4F964DD5-7634-4560-AD4E-7E582D8F1CB3}"
EndProject
Project("{FAE04EC0-301F-11D3-BF4B-00C04F79EFBC}") = "Tyuiu.KhafizovTV.Sprint4.Task2.V13", "Tyuiu.KhafizovTV.Sprint4.Task2.V13\Tyuiu.KhafizovTV.Sprint4.Task2.V13.csproj", "{C7226131-A37A-4FE3-BD22-90B5F55DECD0}"
EndProject
Project("{FAE04EC0-301F-11D3-BF4B-00C04F79EFBC}") = "Tyuiu.KhafizovTV.Sprint4.Task2.V13.Lib", "Tyuiu.KhafizovTV.Sprint4.Task2.V13.Lib\Tyuiu.KhafizovTV.Sprint4.Task2.V13.Lib.csproj", "{A510DAA6-8450-48B1-A594-EE86579DB783}"
EndProject
Project("{FAE04EC0-301F-11D3-BF4B-00C04F79EFBC}") = "Tyuiu.KhafizovTV.Sprint4.Task2.V13.Test", "Tyuiu.KhafizovTV.Sprint4.Task2.V13.Test\Tyuiu.KhafizovTV.Sprint4.Task2.V13.Test.csproj", "{DA98B76B-8A2A-4B85-B428-846DC6E705B4}"
EndProject
Project("{2150E333-8FDC-42A3-9474-1A3956D46DE8}") = "Task3", "Task3", "{EFA90484-9035-4BAD-8D3E-9C1F7410B606}"
EndProject
Project("{FAE04EC0-301F-11D3-BF4B-00C04F79EFBC}") = "Tyuiu.KhafizovTV.Sprint4.Task3.V2", "Tyuiu.KhafizovTV.Sprint4.Task3.V2\Tyuiu.KhafizovTV.Sprint4.Task3.V2.csproj", "{31372171-30E1-46A3-84EA-7A9536BD22D2}"
EndProject
Project("{FAE04EC0-301F-11D3-BF4B-00C04F79EFBC}") = "Tyuiu.KhafizovTV.Sprint4.Task3.V2.Lib", "Tyuiu.KhafizovTV.Sprint4.Task3.V2.Lib\Tyuiu.KhafizovTV.Sprint4.Task3.V2.Lib.csproj", "{9385B70D-58E5-4321-8D1E-D24E22D13D07}"
EndProject
Project("{FAE04EC0-301F-11D3-BF4B-00C04F79EFBC}") = "Tyuiu.KhafizovTV.Sprint4.Task3.V2.Test", "Tyuiu.KhafizovTV.Sprint4.Task3.V2.Test\Tyuiu.KhafizovTV.Sprint4.Task3.V2.Test.csproj", "{58E180F8-CF84-47FE-8E21-F8CCE287D584}"
EndProject
Project("{2150E333-8FDC-42A3-9474-1A3956D46DE8}") = "Task4", "Task4", "{17F2EB71-338B-405E-9317-46BF56F777C8}"
EndProject
Project("{FAE04EC0-301F-11D3-BF4B-00C04F79EFBC}") = "Tyuiu.KhafizovTV.Sprint4.Task4.V1", "Tyuiu.KhafizovTV.Sprint4.Task4.V1\Tyuiu.KhafizovTV.Sprint4.Task4.V1.csproj", "{D933F89F-641C-4CE3-8AED-9C76880921CE}"
EndProject
Project("{FAE04EC0-301F-11D3-BF4B-00C04F79EFBC}") = "Tyuiu.KhafizovTV.Sprint4.Task4.V1.Lib", "Tyuiu.KhafizovTV.Sprint4.Task4.V1.Lib\Tyuiu.KhafizovTV.Sprint4.Task4.V1.Lib.csproj", "{A18731F1-268E-4F41-AC75-0329AB8C1E1A}"
EndProject
Project("{FAE04EC0-301F-11D3-BF4B-00C04F79EFBC}") = "Tyuiu.KhafizovTV.Sprint4.Task4.V1.Test", "Tyuiu.KhafizovTV.Sprint4.Task4.V1.Test\Tyuiu.KhafizovTV.Sprint4.Task4.V1.Test.csproj", "{F5D9020C-A4CF-4038-A553-10CF7347ED98}"
EndProject
Project("{2150E333-8FDC-42A3-9474-1A3956D46DE8}") = "Task5", "Task5", "{8E10127C-A112-4BEF-8F28-7CB4DF068200}"
EndProject
Project("{FAE04EC0-301F-11D3-BF4B-00C04F79EFBC}") = "Tyuiu.KhafizovTV.Sprint4.Task5.V20", "Tyuiu.KhafizovTV.Sprint4.Task5.V20\Tyuiu.KhafizovTV.Sprint4.Task5.V20.csproj", "{6819275C-3C36-4813-9E26-F005222E4603}"
EndProject
Project("{FAE04EC0-301F-11D3-BF4B-00C04F79EFBC}") = "Tyuiu.KhafizovTV.Sprint4.Task5.V20.Lib", "Tyuiu.KhafizovTV.Sprint4.Task5.V20.Lib\Tyuiu.KhafizovTV.Sprint4.Task5.V20.Lib.csproj", "{E5EE995E-40BA-4552-9763-D63A89A06964}"
EndProject
Project("{FAE04EC0-301F-11D3-BF4B-00C04F79EFBC}") = "Tyuiu.KhafizovTV.Sprint4.Task5.V20.Test", "Tyuiu.KhafizovTV.Sprint4.Task5.V20.Test\Tyuiu.KhafizovTV.Sprint4.Task5.V20.Test.csproj", "{9EA05E19-82A3-4B5C-8269-458E3842A6D5}"
EndProject
Global
	GlobalSection(SolutionConfigurationPlatforms) = preSolution
		Debug|Any CPU = Debug|Any CPU
		Release|Any CPU = Release|Any CPU
	EndGlobalSection
	GlobalSection(ProjectConfigurationPlatforms) = postSolution
		{D0F58B77-0E33-45F4-8D1E-EEAE39D23A9F}.Debug|Any CPU.ActiveCfg = Debug|Any CPU
		{D0F58B77-0E33-45F4-8D1E-EEAE39D23A9F}.Debug|Any CPU.Build.0 = Debug|Any CPU
		{D0F58B77-0E33-45F4-8D1E-EEAE39D23A9F}.Release|Any CPU.ActiveCfg = Release|Any CPU
		{D0F58B77-0E33-45F4-8D1E-EEAE39D23A9F}.Release|Any CPU.Build.0 = Release|Any CPU
		{1D5D8126-404A-4642-BF0B-458566F14E23}.Debug|Any CPU.ActiveCfg = Debug|Any CPU
		{1D5D8126-404A-4642-BF0B-458566F14E23}.Debug|Any CPU.Build.0 = Debug|Any CPU
		{1D5D8126-404A-4642-BF0B-458566F14E23}.Release|Any CPU.ActiveCfg = Release|Any CPU
		{1D5D8126-404A-4642-BF0B-458566F14E23}.Release|Any CPU.Build.0 = Release|Any CPU
		{13170B55-97AA-46DA-BBE7-4696B340FF7F}.Debug|Any CPU.ActiveCfg = Debug|Any CPU
		{13170B55-97AA-46DA-BBE7-4696B340FF7F}.Debug|Any CPU.Build.0 = Debug|Any CPU
		{13170B55-97AA-46DA-BBE7-4696B340FF7F}.Release|Any CPU.ActiveCfg = Release|Any CPU
		{13170B55-97AA-46DA-BBE7-4696B340FF7F}.Release|Any CPU.Build.0 = Release|Any CPU
		{438BC010-C252-4C35-91A4-43FAB62662FC}.Debug|Any CPU.ActiveCfg = Debug|Any CPU
		{438BC010-C252-4C35-91A4-43FAB62662FC}.Debug|Any CPU.Build.0 = Debug|Any CPU
		{438BC010-C252-4C35-91A4-43FAB62662FC}.Release|Any CPU.ActiveCfg = Release|Any CPU
		{438BC010-C252-4C35-91A4-43FAB62662FC}.Release|Any CPU.Build.0 = Release|Any CPU
		{9A665DED-1716-45B5-9A7F-B8F621A668E7}.Debug|Any CPU.ActiveCfg = Debug|Any CPU
		{9A665DED-1716-45B5-9A7F-B8F621A668E7}.Debug|Any CPU.Build.0 = Debug|Any CPU
		{9A665DED-1716-45B5-9A7F-B8F621A668E7}.Release|Any CPU.ActiveCfg = Release|Any CPU
		{9A665DED-1716-45B5-9A7F-B8F621A668E7}.Release|Any CPU.Build.0 = Release|Any CPU
		{8B1930A5-AE7F-4174-99E6-D8B2B75ACE36}.Debug|Any CPU.ActiveCfg = Debug|Any CPU
		{8B1930A5-AE7F-4174-99E6-D8B2B75ACE36}.Debug|Any CPU.Build.0 = Debug|Any CPU
		{8B1930A5-AE7F-4174-99E6-D8B2B75ACE36}.Release|Any CPU.ActiveCfg = Release|Any CPU
		{8B1930A5-AE7F-4174-99E6-D8B2B75ACE36}.Release|Any CPU.Build.0 = Release|Any CPU
		{C7226131-A37A-4FE3-BD22-90B5F55DECD0}.Debug|Any CPU.ActiveCfg = Debug|Any CPU
		{C7226131-A37A-4FE3-BD22-90B5F55DECD0}.Debug|Any CPU.Build.0 = Debug|Any CPU
		{C7226131-A37A-4FE3-BD22-90B5F55DECD0}.Release|Any CPU.ActiveCfg = Release|Any CPU
		{C7226131-A37A-4FE3-BD22-90B5F55DECD0}.Release|Any CPU.Build.0 = Release|Any CPU
		{A510DAA6-8450-48B1-A594-EE86579DB783}.Debug|Any CPU.ActiveCfg = Debug|Any CPU
		{A510DAA6-8450-48B1-A594-EE86579DB783}.Debug|Any CPU.Build.0 = Debug|Any CPU
		{A510DAA6-8450-48B1-A594-EE86579DB783}.Release|Any CPU.ActiveCfg = Release|Any CPU
		{A510DAA6-8450-48B1-A594-EE86579DB783}.Release|Any CPU.Build.0 = Release|Any CPU
		{DA98B76B-8A2A-4B85-B428-846DC6E705B4}.Debug|Any CPU.ActiveCfg = Debug|Any CPU
		{DA98B76B-8A2A-4B85-B428-846DC6E705B4}.Debug|Any CPU.Build.0 = Debug|Any CPU
		{DA98B76B-8A2A-4B85-B428-846DC6E705B4}.Release|Any CPU.ActiveCfg = Release|Any CPU
		{DA98B76B-8A2A-4B85-B428-846DC6E705B4}.Release|Any CPU.Build.0 = Release|Any CPU
		{31372171-30E1-46A3-84EA-7A9536BD22D2}.Debug|Any CPU.ActiveCfg = Debug|Any CPU
		{31372171-30E1-46A3-84EA-7A9536BD22D2}.Debug|Any CPU.Build.0 = Debug|Any CPU
		{31372171-30E1-46A3-84EA-7A9536BD22D2}.Release|Any CPU.ActiveCfg = Release|Any CPU
		{31372171-30E1-46A3-84EA-7A9536BD22D2}.Release|Any CPU.Build.0 = Release|Any CPU
		{9385B70D-58E5-4321-8D1E-D24E22D13D07}.Debug|Any CPU.ActiveCfg = Debug|Any CPU
		{9385B70D-58E5-4321-8D1E-D24E22D13D07}.Debug|Any CPU.Build.0 = Debug|Any CPU
		{9385B70D-58E5-4321-8D1E-D24E22D13D07}.Release|Any CPU.ActiveCfg = Release|Any CPU
		{9385B70D-58E5-4321-8D1E-D24E22D13D07}.Release|Any CPU.Build.0 = Release|Any CPU
		{58E180F8-CF84-47FE-8E21-F8CCE287D584}.Debug|Any CPU.ActiveCfg = Debug|Any CPU
		{58E180F8-CF84-47FE-8E21-F8CCE287D584}.Debug|Any CPU.Build.0 = Debug|Any CPU
		{58E180F8-CF84-47FE-8E21-F8CCE287D584}.Release|Any CPU.ActiveCfg = Release|Any CPU
		{58E180F8-CF84-47FE-8E21-F8CCE287D584}.Release|Any CPU.Build.0 = Release|Any CPU
		{D933F89F-641C-4CE3-8AED-9C76880921CE}.Debug|Any CPU.ActiveCfg = Debug|Any CPU
		{D933F89F-641C-4CE3-8AED-9C76880921CE}.Debug|Any CPU.Build.0 = Debug|Any CPU
		{D933F89F-641C-4CE3-8AED-9C76880921CE}.Release|Any CPU.ActiveCfg = Release|Any CPU
		{D933F89F-641C-4CE3-8AED-9C76880921CE}.Release|Any CPU.Build.0 = Release|Any CPU
		{A18731F1-268E-4F41-AC75-0329AB8C1E1A}.Debug|Any CPU.ActiveCfg = Debug|Any CPU
		{A18731F1-268E-4F41-AC75-0329AB8C1E1A}.Debug|Any CPU.Build.0 = Debug|Any CPU
		{A18731F1-268E-4F41-AC75-0329AB8C1E1A}.Release|Any CPU.ActiveCfg = Release|Any CPU
		{A18731F1-268E-4F41-AC75-0329AB8C1E1A}.Release|Any CPU.Build.0 = Release|Any CPU
		{F5D9020C-A4CF-4038-A553-10CF7347ED98}.Debug|Any CPU.ActiveCfg = Debug|Any CPU
		{F5D9020C-A4CF-4038-A553-10CF7347ED98}.Debug|Any CPU.Build.0 = Debug|Any CPU
		{F5D9020C-A4CF-4038-A553-10CF7347ED98}.Release|Any CPU.ActiveCfg = Release|Any CPU
		{F5D9020C-A4CF-4038-A553-10CF7347ED98}.Release|Any CPU.Build.0 = Release|Any CPU
		{6819275C-3C36-4813-9E26-F005222E4603}.Debug|Any CPU.ActiveCfg = Debug|Any CPU
		{6819275C-3C36-4813-9E26-F005222E4603}.Debug|Any CPU.Build.0 = Debug|Any CPU
		{6819275C-3C36-4813-9E26-F005222E4603}.Release|Any CPU.ActiveCfg = Release|Any CPU
		{6819275C-3C36-4813-9E26-F005222E4603}.Release|Any CPU.Build.0 = Release|Any CPU
		{E5EE995E-40BA-4552-9763-D63A89A06964}.Debug|Any CPU.ActiveCfg = Debug|Any CPU
		{E5EE995E-40BA-4552-9763-D63A89A06964}.Debug|Any CPU.Build.0 = Debug|Any CPU
		{E5EE995E-40BA-4552-9763-D63A89A06964}.Release|Any CPU.ActiveCfg = Release|Any CPU
		{E5EE995E-40BA-4552-9763-D63A89A06964}.Release|Any CPU.Build.0 = Release|Any CPU
		{9EA05E19-82A3-4B5C-8269-458E3842A6D5}.Debug|Any CPU.ActiveCfg = Debug|Any CPU
		{9EA05E19-82A3-4B5C-8269-458E3842A6D5}.Debug|Any CPU.Build.0 = Debug|Any CPU
		{9EA05E19-82A3-4B5C-8269-458E3842A6D5}.Release|Any CPU.ActiveCfg = Release|Any CPU
		{9EA05E19-82A3-4B5C-8269-458E3842A6D5}.Release|Any CPU.Build.0 = Release|Any CPU
	EndGlobalSection
	GlobalSection(SolutionProperties) = preSolution
		HideSolutionNode = FALSE
	EndGlobalSection
	GlobalSection(NestedProjects) = preSolution
		{D0F58B77-0E33-45F4-8D1E-EEAE39D23A9F} = {02EA681E-C7D8-13C7-8484-4AC65E1B71E8}
		{1D5D8126-404A-4642-BF0B-458566F14E23} = {02EA681E-C7D8-13C7-8484-4AC65E1B71E8}
		{13170B55-97AA-46DA-BBE7-4696B340FF7F} = {02EA681E-C7D8-13C7-8484-4AC65E1B71E8}
		{438BC010-C252-4C35-91A4-43FAB62662FC} = {3B582DD4-57D1-4BEB-A2E9-CB651EAC7F9D}
		{9A665DED-1716-45B5-9A7F-B8F621A668E7} = {3B582DD4-57D1-4BEB-A2E9-CB651EAC7F9D}
		{8B1930A5-AE7F-4174-99E6-D8B2B75ACE36} = {3B582DD4-57D1-4BEB-A2E9-CB651EAC7F9D}
		{C7226131-A37A-4FE3-BD22-90B5F55DECD0} = {4F964DD5-7634-4560-AD4E-7E582D8F1CB3}
		{A510DAA6-8450-48B1-A594-EE86579DB783} = {4F964DD5-7634-4560-AD4E-7E582D8F1CB3}
		{DA98B76B-8A2A-4B85-B428-846DC6E705B4} = {4F964DD5-7634-4560-AD4E-7E582D8F1CB3}
		{31372171-30E1-46A3-84EA-7A9536BD22D2} = {EFA90484-9035-4BAD-8D3E-9C1F7410B606}
		{9385B70D-58E5-4321-8D1E-D24E22D13D07} = {EFA90484-9035-4BAD-8D3E-9C1F7410B606}
		{58E180F8-CF84-47FE-8E21-F8CCE287D584} = {EFA90484-9035-4BAD-8D3E-9C1F7410B606}
		{D933F89F-641C-4CE3-8AED-9C76880921CE} = {17F2EB71-338B-405E-9317-46BF56F777C8}
		{A18731F1-268E-4F41-AC75-0329AB8C1E1A} = {17F2EB71-338B-405E-9317-46BF56F777C8}
		{F5D9020C-A4CF-4038-A553-10CF7347ED98} = {17F2EB71-338B-405E-9317-46BF56F777C8}
		{6819275C-3C36-4813-9E26-F005222E4603} = {8E10127C-A112-4BEF-8F28-7CB4DF068200}
		{E5EE995E-40BA-4552-9763-D63A89A06964} = {8E10127C-A112-4BEF-8F28-7CB4DF068200}
		{9EA05E19-82A3-4B5C-8269-458E3842A6D5} = {8E10127C-A112-4BEF-8F28-7CB4DF068200}
	EndGlobalSection
	GlobalSection(ExtensibilityGlobals) = postSolution
		SolutionGuid = {BB2F8CEC-4F54-4EC1-823E-47662BD6D628}
	EndGlobalSection
EndGlobal
